
Microsoft Visual Studio Solution File, Format Version 12.00
# Visual Studio Version 16
VisualStudioVersion = 16.0.31205.134
MinimumVisualStudioVersion = 10.0.40219.1
Project("{FAE04EC0-301F-11D3-BF4B-00C04F79EFBC}") = "模拟蓝屏", "模拟蓝屏.csproj", "{93822F44-B163-48A0-9786-51B29B59D291}"
EndProject
Global
	GlobalSection(SolutionConfigurationPlatforms) = preSolution
		Debug|Any CPU = Debug|Any CPU
		Release|Any CPU = Release|Any CPU
	EndGlobalSection
	GlobalSection(ProjectConfigurationPlatforms) = postSolution
		{93822F44-B163-48A0-9786-51B29B59D291}.Debug|Any CPU.ActiveCfg = Debug|Any CPU
		{93822F44-B163-48A0-9786-51B29B59D291}.Debug|Any CPU.Build.0 = Debug|Any CPU
		{93822F44-B163-48A0-9786-51B29B59D291}.Release|Any CPU.ActiveCfg = Release|Any CPU
		{93822F44-B163-48A0-9786-51B29B59D291}.Release|Any CPU.Build.0 = Release|Any CPU
	EndGlobalSection
	GlobalSection(SolutionProperties) = preSolution
		HideSolutionNode = FALSE
	EndGlobalSection
	GlobalSection(ExtensibilityGlobals) = postSolution
		SolutionGuid = {3E9DF084-C2D3-47D6-9F7E-296FBD08A10C}
	EndGlobalSection
EndGlobal
